// !$*UTF8*$!
{
	archiveVersion = 1;
	classes = {
	};
	objectVersion = 54;
	objects = {

/* Begin PBXBuildFile section */
		00E356F31AD99517003FC87E /* MultipleEnvironmentTests.m in Sources */ = {isa = PBXBuildFile; fileRef = 00E356F21AD99517003FC87E /* MultipleEnvironmentTests.m */; };
		13B07FBC1A68108700A75B9A /* AppDelegate.m in Sources */ = {isa = PBXBuildFile; fileRef = 13B07FB01A68108700A75B9A /* AppDelegate.m */; };
		13B07FBF1A68108700A75B9A /* Images.xcassets in Resources */ = {isa = PBXBuildFile; fileRef = 13B07FB51A68108700A75B9A /* Images.xcassets */; };
		13B07FC11A68108700A75B9A /* main.m in Sources */ = {isa = PBXBuildFile; fileRef = 13B07FB71A68108700A75B9A /* main.m */; };
		182E3CB0FAA4BE5D1B77F42A /* libPods-MultipleEnvironment-MultipleEnvironmentTests.a in Frameworks */ = {isa = PBXBuildFile; fileRef = C0CD06DD20BA92BE4942C9AD /* libPods-MultipleEnvironment-MultipleEnvironmentTests.a */; };
		5DBA84541813E3B217217D44 /* libPods-MultipleEnvironment.a in Frameworks */ = {isa = PBXBuildFile; fileRef = 160EFFA35D65B6C3301A8F62 /* libPods-MultipleEnvironment.a */; };
		81AB9BB82411601600AC10FF /* LaunchScreen.storyboard in Resources */ = {isa = PBXBuildFile; fileRef = 81AB9BB72411601600AC10FF /* LaunchScreen.storyboard */; };
		E640C24729CDFCA100C44B61 /* CopyToClipboard.swift in Sources */ = {isa = PBXBuildFile; fileRef = E640C24629CDFCA100C44B61 /* CopyToClipboard.swift */; };
		E640C24D29CDFDF000C44B61 /* MultipleEnvironment-Bridging-Header.h in Sources */ = {isa = PBXBuildFile; fileRef = E640C24C29CDFDF000C44B61 /* MultipleEnvironment-Bridging-Header.h */; };
		E640C24F29CE069800C44B61 /* CopyToClipboard.m in Sources */ = {isa = PBXBuildFile; fileRef = E640C24E29CE069800C44B61 /* CopyToClipboard.m */; };
		E640C25429D0628F00C44B61 /* Storyboard.storyboard in Resources */ = {isa = PBXBuildFile; fileRef = E640C25329D0628F00C44B61 /* Storyboard.storyboard */; };
		E640C25729D0633F00C44B61 /* SampleApp.swift in Sources */ = {isa = PBXBuildFile; fileRef = E640C25629D0633F00C44B61 /* SampleApp.swift */; };
		E640C25929D0636600C44B61 /* SampleApp.m in Sources */ = {isa = PBXBuildFile; fileRef = E640C25829D0636600C44B61 /* SampleApp.m */; };
		E640C25B29D068E100C44B61 /* SampleViewController.h in Sources */ = {isa = PBXBuildFile; fileRef = E640C25A29D068E100C44B61 /* SampleViewController.h */; };
		E640C25C29D0A41800C44B61 /* SampleViewController.swift in Sources */ = {isa = PBXBuildFile; fileRef = E640C25129D0623B00C44B61 /* SampleViewController.swift */; };
		E6EE205329C456AA00FAFCDD /* RNConfig.m in Sources */ = {isa = PBXBuildFile; fileRef = E6EE205229C456AA00FAFCDD /* RNConfig.m */; };
/* End PBXBuildFile section */

/* Begin PBXContainerItemProxy section */
		00E356F41AD99517003FC87E /* PBXContainerItemProxy */ = {
			isa = PBXContainerItemProxy;
			containerPortal = 83CBB9F71A601CBA00E9B192 /* Project object */;
			proxyType = 1;
			remoteGlobalIDString = 13B07F861A680F5B00A75B9A;
			remoteInfo = MultipleEnvironment;
		};
/* End PBXContainerItemProxy section */

/* Begin PBXFileReference section */
		00E356EE1AD99517003FC87E /* MultipleEnvironmentTests.xctest */ = {isa = PBXFileReference; explicitFileType = wrapper.cfbundle; includeInIndex = 0; path = MultipleEnvironmentTests.xctest; sourceTree = BUILT_PRODUCTS_DIR; };
		00E356F11AD99517003FC87E /* Info.plist */ = {isa = PBXFileReference; lastKnownFileType = text.plist.xml; path = Info.plist; sourceTree = "<group>"; };
		00E356F21AD99517003FC87E /* MultipleEnvironmentTests.m */ = {isa = PBXFileReference; lastKnownFileType = sourcecode.c.objc; path = MultipleEnvironmentTests.m; sourceTree = "<group>"; };
		13B07F961A680F5B00A75B9A /* MultipleEnv-DebugProd.app */ = {isa = PBXFileReference; explicitFileType = wrapper.application; includeInIndex = 0; path = "MultipleEnv-DebugProd.app"; sourceTree = BUILT_PRODUCTS_DIR; };
		13B07FAF1A68108700A75B9A /* AppDelegate.h */ = {isa = PBXFileReference; fileEncoding = 4; lastKnownFileType = sourcecode.c.h; name = AppDelegate.h; path = MultipleEnvironment/AppDelegate.h; sourceTree = "<group>"; };
		13B07FB01A68108700A75B9A /* AppDelegate.m */ = {isa = PBXFileReference; fileEncoding = 4; lastKnownFileType = sourcecode.c.objc; name = AppDelegate.m; path = MultipleEnvironment/AppDelegate.m; sourceTree = "<group>"; };
		13B07FB51A68108700A75B9A /* Images.xcassets */ = {isa = PBXFileReference; lastKnownFileType = folder.assetcatalog; name = Images.xcassets; path = MultipleEnvironment/Images.xcassets; sourceTree = "<group>"; };
		13B07FB61A68108700A75B9A /* Info.plist */ = {isa = PBXFileReference; fileEncoding = 4; lastKnownFileType = text.plist.xml; name = Info.plist; path = MultipleEnvironment/Info.plist; sourceTree = "<group>"; };
		13B07FB71A68108700A75B9A /* main.m */ = {isa = PBXFileReference; fileEncoding = 4; lastKnownFileType = sourcecode.c.objc; name = main.m; path = MultipleEnvironment/main.m; sourceTree = "<group>"; };
		160EFFA35D65B6C3301A8F62 /* libPods-MultipleEnvironment.a */ = {isa = PBXFileReference; explicitFileType = archive.ar; includeInIndex = 0; path = "libPods-MultipleEnvironment.a"; sourceTree = BUILT_PRODUCTS_DIR; };
		1FF814DA1350EE47368FCF0C /* Pods-MultipleEnvironment-MultipleEnvironmentTests.debug.xcconfig */ = {isa = PBXFileReference; includeInIndex = 1; lastKnownFileType = text.xcconfig; name = "Pods-MultipleEnvironment-MultipleEnvironmentTests.debug.xcconfig"; path = "Target Support Files/Pods-MultipleEnvironment-MultipleEnvironmentTests/Pods-MultipleEnvironment-MultipleEnvironmentTests.debug.xcconfig"; sourceTree = "<group>"; };
		2C4742479BC9F847F1BBF054 /* Pods-MultipleEnvironment.releasedev.xcconfig */ = {isa = PBXFileReference; includeInIndex = 1; lastKnownFileType = text.xcconfig; name = "Pods-MultipleEnvironment.releasedev.xcconfig"; path = "Target Support Files/Pods-MultipleEnvironment/Pods-MultipleEnvironment.releasedev.xcconfig"; sourceTree = "<group>"; };
		5CDDB73FFDF4940732C5E5FB /* Pods-MultipleEnvironment.debugprod.xcconfig */ = {isa = PBXFileReference; includeInIndex = 1; lastKnownFileType = text.xcconfig; name = "Pods-MultipleEnvironment.debugprod.xcconfig"; path = "Target Support Files/Pods-MultipleEnvironment/Pods-MultipleEnvironment.debugprod.xcconfig"; sourceTree = "<group>"; };
		73FFCE9FA1217976DF0B4EBD /* Pods-MultipleEnvironment.debug.xcconfig */ = {isa = PBXFileReference; includeInIndex = 1; lastKnownFileType = text.xcconfig; name = "Pods-MultipleEnvironment.debug.xcconfig"; path = "Target Support Files/Pods-MultipleEnvironment/Pods-MultipleEnvironment.debug.xcconfig"; sourceTree = "<group>"; };
		76D3C9989F1F68B86B7D7B89 /* Pods-MultipleEnvironment-MultipleEnvironmentTests.debugprod.xcconfig */ = {isa = PBXFileReference; includeInIndex = 1; lastKnownFileType = text.xcconfig; name = "Pods-MultipleEnvironment-MultipleEnvironmentTests.debugprod.xcconfig"; path = "Target Support Files/Pods-MultipleEnvironment-MultipleEnvironmentTests/Pods-MultipleEnvironment-MultipleEnvironmentTests.debugprod.xcconfig"; sourceTree = "<group>"; };
		81AB9BB72411601600AC10FF /* LaunchScreen.storyboard */ = {isa = PBXFileReference; fileEncoding = 4; lastKnownFileType = file.storyboard; name = LaunchScreen.storyboard; path = MultipleEnvironment/LaunchScreen.storyboard; sourceTree = "<group>"; };
		86CA1FF1976910004ACA13AB /* Pods-MultipleEnvironment-MultipleEnvironmentTests.releaseprod.xcconfig */ = {isa = PBXFileReference; includeInIndex = 1; lastKnownFileType = text.xcconfig; name = "Pods-MultipleEnvironment-MultipleEnvironmentTests.releaseprod.xcconfig"; path = "Target Support Files/Pods-MultipleEnvironment-MultipleEnvironmentTests/Pods-MultipleEnvironment-MultipleEnvironmentTests.releaseprod.xcconfig"; sourceTree = "<group>"; };
		B88705735E637A3521FEE809 /* Pods-MultipleEnvironment-MultipleEnvironmentTests.releasedev.xcconfig */ = {isa = PBXFileReference; includeInIndex = 1; lastKnownFileType = text.xcconfig; name = "Pods-MultipleEnvironment-MultipleEnvironmentTests.releasedev.xcconfig"; path = "Target Support Files/Pods-MultipleEnvironment-MultipleEnvironmentTests/Pods-MultipleEnvironment-MultipleEnvironmentTests.releasedev.xcconfig"; sourceTree = "<group>"; };
		C0109E989D7D9704D8813273 /* Pods-MultipleEnvironment.release.xcconfig */ = {isa = PBXFileReference; includeInIndex = 1; lastKnownFileType = text.xcconfig; name = "Pods-MultipleEnvironment.release.xcconfig"; path = "Target Support Files/Pods-MultipleEnvironment/Pods-MultipleEnvironment.release.xcconfig"; sourceTree = "<group>"; };
		C0CD06DD20BA92BE4942C9AD /* libPods-MultipleEnvironment-MultipleEnvironmentTests.a */ = {isa = PBXFileReference; explicitFileType = archive.ar; includeInIndex = 0; path = "libPods-MultipleEnvironment-MultipleEnvironmentTests.a"; sourceTree = BUILT_PRODUCTS_DIR; };
		D3145E897825CBEBC44746D7 /* Pods-MultipleEnvironment.releaseprod.xcconfig */ = {isa = PBXFileReference; includeInIndex = 1; lastKnownFileType = text.xcconfig; name = "Pods-MultipleEnvironment.releaseprod.xcconfig"; path = "Target Support Files/Pods-MultipleEnvironment/Pods-MultipleEnvironment.releaseprod.xcconfig"; sourceTree = "<group>"; };
		DA6370B35B6312EE95934C02 /* Pods-MultipleEnvironment.debugdev.xcconfig */ = {isa = PBXFileReference; includeInIndex = 1; lastKnownFileType = text.xcconfig; name = "Pods-MultipleEnvironment.debugdev.xcconfig"; path = "Target Support Files/Pods-MultipleEnvironment/Pods-MultipleEnvironment.debugdev.xcconfig"; sourceTree = "<group>"; };
		E640C24629CDFCA100C44B61 /* CopyToClipboard.swift */ = {isa = PBXFileReference; lastKnownFileType = sourcecode.swift; path = CopyToClipboard.swift; sourceTree = "<group>"; };
		E640C24C29CDFDF000C44B61 /* MultipleEnvironment-Bridging-Header.h */ = {isa = PBXFileReference; lastKnownFileType = sourcecode.c.h; path = "MultipleEnvironment-Bridging-Header.h"; sourceTree = "<group>"; };
		E640C24E29CE069800C44B61 /* CopyToClipboard.m */ = {isa = PBXFileReference; lastKnownFileType = sourcecode.c.objc; path = CopyToClipboard.m; sourceTree = "<group>"; };
		E640C25129D0623B00C44B61 /* SampleViewController.swift */ = {isa = PBXFileReference; lastKnownFileType = sourcecode.swift; path = SampleViewController.swift; sourceTree = "<group>"; };
		E640C25329D0628F00C44B61 /* Storyboard.storyboard */ = {isa = PBXFileReference; lastKnownFileType = file.storyboard; path = Storyboard.storyboard; sourceTree = "<group>"; };
		E640C25629D0633F00C44B61 /* SampleApp.swift */ = {isa = PBXFileReference; lastKnownFileType = sourcecode.swift; path = SampleApp.swift; sourceTree = "<group>"; };
		E640C25829D0636600C44B61 /* SampleApp.m */ = {isa = PBXFileReference; lastKnownFileType = sourcecode.c.objc; path = SampleApp.m; sourceTree = "<group>"; };
		E640C25A29D068E100C44B61 /* SampleViewController.h */ = {isa = PBXFileReference; lastKnownFileType = sourcecode.c.h; path = SampleViewController.h; sourceTree = "<group>"; };
		E66FAFED29C43BF400562BBC /* MultipleEnvironment copy-Info.plist */ = {isa = PBXFileReference; lastKnownFileType = text.plist.xml; name = "MultipleEnvironment copy-Info.plist"; path = "/Users/semih.cakmak/Desktop/MultipleEnvironment/ios/MultipleEnvironment copy-Info.plist"; sourceTree = "<absolute>"; };
		E66FB00029C43C0E00562BBC /* MultipleEnvironment copy2-Info.plist */ = {isa = PBXFileReference; lastKnownFileType = text.plist.xml; name = "MultipleEnvironment copy2-Info.plist"; path = "/Users/semih.cakmak/Desktop/MultipleEnvironment/ios/MultipleEnvironment copy2-Info.plist"; sourceTree = "<absolute>"; };
		E6EE205129C456AA00FAFCDD /* RNConfig.h */ = {isa = PBXFileReference; lastKnownFileType = sourcecode.c.h; path = RNConfig.h; sourceTree = "<group>"; };
		E6EE205229C456AA00FAFCDD /* RNConfig.m */ = {isa = PBXFileReference; lastKnownFileType = sourcecode.c.objc; path = RNConfig.m; sourceTree = "<group>"; };
		ECBFC27A034AAAFBA551D18D /* Pods-MultipleEnvironment-MultipleEnvironmentTests.debugdev.xcconfig */ = {isa = PBXFileReference; includeInIndex = 1; lastKnownFileType = text.xcconfig; name = "Pods-MultipleEnvironment-MultipleEnvironmentTests.debugdev.xcconfig"; path = "Target Support Files/Pods-MultipleEnvironment-MultipleEnvironmentTests/Pods-MultipleEnvironment-MultipleEnvironmentTests.debugdev.xcconfig"; sourceTree = "<group>"; };
		ED297162215061F000B7C4FE /* JavaScriptCore.framework */ = {isa = PBXFileReference; lastKnownFileType = wrapper.framework; name = JavaScriptCore.framework; path = System/Library/Frameworks/JavaScriptCore.framework; sourceTree = SDKROOT; };
		F69CCF16C33EE249FE7D5A4F /* Pods-MultipleEnvironment-MultipleEnvironmentTests.release.xcconfig */ = {isa = PBXFileReference; includeInIndex = 1; lastKnownFileType = text.xcconfig; name = "Pods-MultipleEnvironment-MultipleEnvironmentTests.release.xcconfig"; path = "Target Support Files/Pods-MultipleEnvironment-MultipleEnvironmentTests/Pods-MultipleEnvironment-MultipleEnvironmentTests.release.xcconfig"; sourceTree = "<group>"; };
/* End PBXFileReference section */

/* Begin PBXFrameworksBuildPhase section */
		00E356EB1AD99517003FC87E /* Frameworks */ = {
			isa = PBXFrameworksBuildPhase;
			buildActionMask = 2147483647;
			files = (
				182E3CB0FAA4BE5D1B77F42A /* libPods-MultipleEnvironment-MultipleEnvironmentTests.a in Frameworks */,
			);
			runOnlyForDeploymentPostprocessing = 0;
		};
		13B07F8C1A680F5B00A75B9A /* Frameworks */ = {
			isa = PBXFrameworksBuildPhase;
			buildActionMask = 2147483647;
			files = (
				5DBA84541813E3B217217D44 /* libPods-MultipleEnvironment.a in Frameworks */,
			);
			runOnlyForDeploymentPostprocessing = 0;
		};
/* End PBXFrameworksBuildPhase section */

/* Begin PBXGroup section */
		00E356EF1AD99517003FC87E /* MultipleEnvironmentTests */ = {
			isa = PBXGroup;
			children = (
				00E356F21AD99517003FC87E /* MultipleEnvironmentTests.m */,
				00E356F01AD99517003FC87E /* Supporting Files */,
			);
			path = MultipleEnvironmentTests;
			sourceTree = "<group>";
		};
		00E356F01AD99517003FC87E /* Supporting Files */ = {
			isa = PBXGroup;
			children = (
				00E356F11AD99517003FC87E /* Info.plist */,
			);
			name = "Supporting Files";
			sourceTree = "<group>";
		};
		13B07FAE1A68108700A75B9A /* MultipleEnvironment */ = {
			isa = PBXGroup;
			children = (
				E640C24C29CDFDF000C44B61 /* MultipleEnvironment-Bridging-Header.h */,
				E640C25029D0620D00C44B61 /* NativeApp */,
				E640C24529CDFC7E00C44B61 /* CopyToClipboard */,
				E6EE205429C45A0B00FAFCDD /* EnvironmentConfig */,
				13B07FAF1A68108700A75B9A /* AppDelegate.h */,
				13B07FB01A68108700A75B9A /* AppDelegate.m */,
				13B07FB51A68108700A75B9A /* Images.xcassets */,
				13B07FB61A68108700A75B9A /* Info.plist */,
				81AB9BB72411601600AC10FF /* LaunchScreen.storyboard */,
				13B07FB71A68108700A75B9A /* main.m */,
				E640C25329D0628F00C44B61 /* Storyboard.storyboard */,
			);
			name = MultipleEnvironment;
			sourceTree = "<group>";
		};
		2D16E6871FA4F8E400B85C8A /* Frameworks */ = {
			isa = PBXGroup;
			children = (
				ED297162215061F000B7C4FE /* JavaScriptCore.framework */,
				160EFFA35D65B6C3301A8F62 /* libPods-MultipleEnvironment.a */,
				C0CD06DD20BA92BE4942C9AD /* libPods-MultipleEnvironment-MultipleEnvironmentTests.a */,
			);
			name = Frameworks;
			sourceTree = "<group>";
		};
		832341AE1AAA6A7D00B99B32 /* Libraries */ = {
			isa = PBXGroup;
			children = (
			);
			name = Libraries;
			sourceTree = "<group>";
		};
		83CBB9F61A601CBA00E9B192 = {
			isa = PBXGroup;
			children = (
				13B07FAE1A68108700A75B9A /* MultipleEnvironment */,
				832341AE1AAA6A7D00B99B32 /* Libraries */,
				00E356EF1AD99517003FC87E /* MultipleEnvironmentTests */,
				83CBBA001A601CBA00E9B192 /* Products */,
				2D16E6871FA4F8E400B85C8A /* Frameworks */,
				A43CEA400C6CDEC030ABD560 /* Pods */,
				E66FAFED29C43BF400562BBC /* MultipleEnvironment copy-Info.plist */,
				E66FB00029C43C0E00562BBC /* MultipleEnvironment copy2-Info.plist */,
			);
			indentWidth = 2;
			sourceTree = "<group>";
			tabWidth = 2;
			usesTabs = 0;
		};
		83CBBA001A601CBA00E9B192 /* Products */ = {
			isa = PBXGroup;
			children = (
				13B07F961A680F5B00A75B9A /* MultipleEnv-DebugProd.app */,
				00E356EE1AD99517003FC87E /* MultipleEnvironmentTests.xctest */,
			);
			name = Products;
			sourceTree = "<group>";
		};
		A43CEA400C6CDEC030ABD560 /* Pods */ = {
			isa = PBXGroup;
			children = (
				73FFCE9FA1217976DF0B4EBD /* Pods-MultipleEnvironment.debug.xcconfig */,
				C0109E989D7D9704D8813273 /* Pods-MultipleEnvironment.release.xcconfig */,
				1FF814DA1350EE47368FCF0C /* Pods-MultipleEnvironment-MultipleEnvironmentTests.debug.xcconfig */,
				F69CCF16C33EE249FE7D5A4F /* Pods-MultipleEnvironment-MultipleEnvironmentTests.release.xcconfig */,
				5CDDB73FFDF4940732C5E5FB /* Pods-MultipleEnvironment.debugprod.xcconfig */,
				DA6370B35B6312EE95934C02 /* Pods-MultipleEnvironment.debugdev.xcconfig */,
				D3145E897825CBEBC44746D7 /* Pods-MultipleEnvironment.releaseprod.xcconfig */,
				2C4742479BC9F847F1BBF054 /* Pods-MultipleEnvironment.releasedev.xcconfig */,
				76D3C9989F1F68B86B7D7B89 /* Pods-MultipleEnvironment-MultipleEnvironmentTests.debugprod.xcconfig */,
				ECBFC27A034AAAFBA551D18D /* Pods-MultipleEnvironment-MultipleEnvironmentTests.debugdev.xcconfig */,
				86CA1FF1976910004ACA13AB /* Pods-MultipleEnvironment-MultipleEnvironmentTests.releaseprod.xcconfig */,
				B88705735E637A3521FEE809 /* Pods-MultipleEnvironment-MultipleEnvironmentTests.releasedev.xcconfig */,
			);
			path = Pods;
			sourceTree = "<group>";
		};
		E640C24529CDFC7E00C44B61 /* CopyToClipboard */ = {
			isa = PBXGroup;
			children = (
				E640C24629CDFCA100C44B61 /* CopyToClipboard.swift */,
				E640C24E29CE069800C44B61 /* CopyToClipboard.m */,
			);
			name = CopyToClipboard;
			sourceTree = "<group>";
		};
		E640C25029D0620D00C44B61 /* NativeApp */ = {
			isa = PBXGroup;
			children = (
				E640C25529D0630C00C44B61 /* ReactNative-Bridge */,
				E640C25129D0623B00C44B61 /* SampleViewController.swift */,
				E640C25A29D068E100C44B61 /* SampleViewController.h */,
			);
			path = NativeApp;
			sourceTree = "<group>";
		};
		E640C25529D0630C00C44B61 /* ReactNative-Bridge */ = {
			isa = PBXGroup;
			children = (
				E640C25629D0633F00C44B61 /* SampleApp.swift */,
				E640C25829D0636600C44B61 /* SampleApp.m */,
			);
			path = "ReactNative-Bridge";
			sourceTree = "<group>";
		};
		E6EE205429C45A0B00FAFCDD /* EnvironmentConfig */ = {
			isa = PBXGroup;
			children = (
				E6EE205129C456AA00FAFCDD /* RNConfig.h */,
				E6EE205229C456AA00FAFCDD /* RNConfig.m */,
			);
			name = EnvironmentConfig;
			sourceTree = "<group>";
		};
/* End PBXGroup section */

/* Begin PBXNativeTarget section */
		00E356ED1AD99517003FC87E /* MultipleEnvironmentTests */ = {
			isa = PBXNativeTarget;
			buildConfigurationList = 00E357021AD99517003FC87E /* Build configuration list for PBXNativeTarget "MultipleEnvironmentTests" */;
			buildPhases = (
				B5932FA3B7F710CD72AB7A2B /* [CP] Check Pods Manifest.lock */,
				00E356EA1AD99517003FC87E /* Sources */,
				00E356EB1AD99517003FC87E /* Frameworks */,
				00E356EC1AD99517003FC87E /* Resources */,
				018F11AD5AA4D2CC6C2CB33A /* [CP] Embed Pods Frameworks */,
				6A82B371D056D53C09C99AED /* [CP] Copy Pods Resources */,
			);
			buildRules = (
			);
			dependencies = (
				00E356F51AD99517003FC87E /* PBXTargetDependency */,
			);
			name = MultipleEnvironmentTests;
			productName = MultipleEnvironmentTests;
			productReference = 00E356EE1AD99517003FC87E /* MultipleEnvironmentTests.xctest */;
			productType = "com.apple.product-type.bundle.unit-test";
		};
		13B07F861A680F5B00A75B9A /* MultipleEnvironment */ = {
			isa = PBXNativeTarget;
			buildConfigurationList = 13B07F931A680F5B00A75B9A /* Build configuration list for PBXNativeTarget "MultipleEnvironment" */;
			buildPhases = (
				268927835333DD0EAD93D071 /* [CP] Check Pods Manifest.lock */,
				FD10A7F022414F080027D42C /* Start Packager */,
				13B07F871A680F5B00A75B9A /* Sources */,
				13B07F8C1A680F5B00A75B9A /* Frameworks */,
				13B07F8E1A680F5B00A75B9A /* Resources */,
				00DD1BFF1BD5951E006B06BC /* Bundle React Native code and images */,
				07F11DBFC51F6E491381B6C5 /* [CP] Embed Pods Frameworks */,
				164D0DD84E0564128B574D2D /* [CP] Copy Pods Resources */,
			);
			buildRules = (
			);
			dependencies = (
			);
			name = MultipleEnvironment;
			productName = MultipleEnvironment;
			productReference = 13B07F961A680F5B00A75B9A /* MultipleEnv-DebugProd.app */;
			productType = "com.apple.product-type.application";
		};
/* End PBXNativeTarget section */

/* Begin PBXProject section */
		83CBB9F71A601CBA00E9B192 /* Project object */ = {
			isa = PBXProject;
			attributes = {
				LastUpgradeCheck = 1210;
				TargetAttributes = {
					00E356ED1AD99517003FC87E = {
						CreatedOnToolsVersion = 6.2;
						TestTargetID = 13B07F861A680F5B00A75B9A;
					};
					13B07F861A680F5B00A75B9A = {
						LastSwiftMigration = 1410;
					};
				};
			};
			buildConfigurationList = 83CBB9FA1A601CBA00E9B192 /* Build configuration list for PBXProject "MultipleEnvironment" */;
			compatibilityVersion = "Xcode 12.0";
			developmentRegion = en;
			hasScannedForEncodings = 0;
			knownRegions = (
				en,
				Base,
			);
			mainGroup = 83CBB9F61A601CBA00E9B192;
			productRefGroup = 83CBBA001A601CBA00E9B192 /* Products */;
			projectDirPath = "";
			projectRoot = "";
			targets = (
				13B07F861A680F5B00A75B9A /* MultipleEnvironment */,
				00E356ED1AD99517003FC87E /* MultipleEnvironmentTests */,
			);
		};
/* End PBXProject section */

/* Begin PBXResourcesBuildPhase section */
		00E356EC1AD99517003FC87E /* Resources */ = {
			isa = PBXResourcesBuildPhase;
			buildActionMask = 2147483647;
			files = (
			);
			runOnlyForDeploymentPostprocessing = 0;
		};
		13B07F8E1A680F5B00A75B9A /* Resources */ = {
			isa = PBXResourcesBuildPhase;
			buildActionMask = 2147483647;
			files = (
				81AB9BB82411601600AC10FF /* LaunchScreen.storyboard in Resources */,
				13B07FBF1A68108700A75B9A /* Images.xcassets in Resources */,
				E640C25429D0628F00C44B61 /* Storyboard.storyboard in Resources */,
			);
			runOnlyForDeploymentPostprocessing = 0;
		};
/* End PBXResourcesBuildPhase section */

/* Begin PBXShellScriptBuildPhase section */
		00DD1BFF1BD5951E006B06BC /* Bundle React Native code and images */ = {
			isa = PBXShellScriptBuildPhase;
			buildActionMask = 2147483647;
			files = (
			);
			inputPaths = (
			);
			name = "Bundle React Native code and images";
			outputPaths = (
			);
			runOnlyForDeploymentPostprocessing = 0;
			shellPath = /bin/sh;
			shellScript = "set -e\n\nexport NODE_BINARY=node\n../node_modules/react-native/scripts/react-native-xcode.sh\n";
		};
		018F11AD5AA4D2CC6C2CB33A /* [CP] Embed Pods Frameworks */ = {
			isa = PBXShellScriptBuildPhase;
			buildActionMask = 2147483647;
			files = (
			);
			inputFileListPaths = (
				"${PODS_ROOT}/Target Support Files/Pods-MultipleEnvironment-MultipleEnvironmentTests/Pods-MultipleEnvironment-MultipleEnvironmentTests-frameworks-${CONFIGURATION}-input-files.xcfilelist",
			);
			name = "[CP] Embed Pods Frameworks";
			outputFileListPaths = (
				"${PODS_ROOT}/Target Support Files/Pods-MultipleEnvironment-MultipleEnvironmentTests/Pods-MultipleEnvironment-MultipleEnvironmentTests-frameworks-${CONFIGURATION}-output-files.xcfilelist",
			);
			runOnlyForDeploymentPostprocessing = 0;
			shellPath = /bin/sh;
			shellScript = "\"${PODS_ROOT}/Target Support Files/Pods-MultipleEnvironment-MultipleEnvironmentTests/Pods-MultipleEnvironment-MultipleEnvironmentTests-frameworks.sh\"\n";
			showEnvVarsInLog = 0;
		};
		07F11DBFC51F6E491381B6C5 /* [CP] Embed Pods Frameworks */ = {
			isa = PBXShellScriptBuildPhase;
			buildActionMask = 2147483647;
			files = (
			);
			inputFileListPaths = (
				"${PODS_ROOT}/Target Support Files/Pods-MultipleEnvironment/Pods-MultipleEnvironment-frameworks-${CONFIGURATION}-input-files.xcfilelist",
			);
			name = "[CP] Embed Pods Frameworks";
			outputFileListPaths = (
				"${PODS_ROOT}/Target Support Files/Pods-MultipleEnvironment/Pods-MultipleEnvironment-frameworks-${CONFIGURATION}-output-files.xcfilelist",
			);
			runOnlyForDeploymentPostprocessing = 0;
			shellPath = /bin/sh;
			shellScript = "\"${PODS_ROOT}/Target Support Files/Pods-MultipleEnvironment/Pods-MultipleEnvironment-frameworks.sh\"\n";
			showEnvVarsInLog = 0;
		};
		164D0DD84E0564128B574D2D /* [CP] Copy Pods Resources */ = {
			isa = PBXShellScriptBuildPhase;
			buildActionMask = 2147483647;
			files = (
			);
			inputFileListPaths = (
				"${PODS_ROOT}/Target Support Files/Pods-MultipleEnvironment/Pods-MultipleEnvironment-resources-${CONFIGURATION}-input-files.xcfilelist",
			);
			name = "[CP] Copy Pods Resources";
			outputFileListPaths = (
				"${PODS_ROOT}/Target Support Files/Pods-MultipleEnvironment/Pods-MultipleEnvironment-resources-${CONFIGURATION}-output-files.xcfilelist",
			);
			runOnlyForDeploymentPostprocessing = 0;
			shellPath = /bin/sh;
			shellScript = "\"${PODS_ROOT}/Target Support Files/Pods-MultipleEnvironment/Pods-MultipleEnvironment-resources.sh\"\n";
			showEnvVarsInLog = 0;
		};
		268927835333DD0EAD93D071 /* [CP] Check Pods Manifest.lock */ = {
			isa = PBXShellScriptBuildPhase;
			buildActionMask = 2147483647;
			files = (
			);
			inputFileListPaths = (
			);
			inputPaths = (
				"${PODS_PODFILE_DIR_PATH}/Podfile.lock",
				"${PODS_ROOT}/Manifest.lock",
			);
			name = "[CP] Check Pods Manifest.lock";
			outputFileListPaths = (
			);
			outputPaths = (
				"$(DERIVED_FILE_DIR)/Pods-MultipleEnvironment-checkManifestLockResult.txt",
			);
			runOnlyForDeploymentPostprocessing = 0;
			shellPath = /bin/sh;
			shellScript = "diff \"${PODS_PODFILE_DIR_PATH}/Podfile.lock\" \"${PODS_ROOT}/Manifest.lock\" > /dev/null\nif [ $? != 0 ] ; then\n    # print error to STDERR\n    echo \"error: The sandbox is not in sync with the Podfile.lock. Run 'pod install' or update your CocoaPods installation.\" >&2\n    exit 1\nfi\n# This output is used by Xcode 'outputs' to avoid re-running this script phase.\necho \"SUCCESS\" > \"${SCRIPT_OUTPUT_FILE_0}\"\n";
			showEnvVarsInLog = 0;
		};
		6A82B371D056D53C09C99AED /* [CP] Copy Pods Resources */ = {
			isa = PBXShellScriptBuildPhase;
			buildActionMask = 2147483647;
			files = (
			);
			inputFileListPaths = (
				"${PODS_ROOT}/Target Support Files/Pods-MultipleEnvironment-MultipleEnvironmentTests/Pods-MultipleEnvironment-MultipleEnvironmentTests-resources-${CONFIGURATION}-input-files.xcfilelist",
			);
			name = "[CP] Copy Pods Resources";
			outputFileListPaths = (
				"${PODS_ROOT}/Target Support Files/Pods-MultipleEnvironment-MultipleEnvironmentTests/Pods-MultipleEnvironment-MultipleEnvironmentTests-resources-${CONFIGURATION}-output-files.xcfilelist",
			);
			runOnlyForDeploymentPostprocessing = 0;
			shellPath = /bin/sh;
			shellScript = "\"${PODS_ROOT}/Target Support Files/Pods-MultipleEnvironment-MultipleEnvironmentTests/Pods-MultipleEnvironment-MultipleEnvironmentTests-resources.sh\"\n";
			showEnvVarsInLog = 0;
		};
		B5932FA3B7F710CD72AB7A2B /* [CP] Check Pods Manifest.lock */ = {
			isa = PBXShellScriptBuildPhase;
			buildActionMask = 2147483647;
			files = (
			);
			inputFileListPaths = (
			);
			inputPaths = (
				"${PODS_PODFILE_DIR_PATH}/Podfile.lock",
				"${PODS_ROOT}/Manifest.lock",
			);
			name = "[CP] Check Pods Manifest.lock";
			outputFileListPaths = (
			);
			outputPaths = (
				"$(DERIVED_FILE_DIR)/Pods-MultipleEnvironment-MultipleEnvironmentTests-checkManifestLockResult.txt",
			);
			runOnlyForDeploymentPostprocessing = 0;
			shellPath = /bin/sh;
			shellScript = "diff \"${PODS_PODFILE_DIR_PATH}/Podfile.lock\" \"${PODS_ROOT}/Manifest.lock\" > /dev/null\nif [ $? != 0 ] ; then\n    # print error to STDERR\n    echo \"error: The sandbox is not in sync with the Podfile.lock. Run 'pod install' or update your CocoaPods installation.\" >&2\n    exit 1\nfi\n# This output is used by Xcode 'outputs' to avoid re-running this script phase.\necho \"SUCCESS\" > \"${SCRIPT_OUTPUT_FILE_0}\"\n";
			showEnvVarsInLog = 0;
		};
		FD10A7F022414F080027D42C /* Start Packager */ = {
			isa = PBXShellScriptBuildPhase;
			buildActionMask = 2147483647;
			files = (
			);
			inputFileListPaths = (
			);
			inputPaths = (
			);
			name = "Start Packager";
			outputFileListPaths = (
			);
			outputPaths = (
			);
			runOnlyForDeploymentPostprocessing = 0;
			shellPath = /bin/sh;
			shellScript = "export RCT_METRO_PORT=\"${RCT_METRO_PORT:=8082}\"\necho \"export RCT_METRO_PORT=${RCT_METRO_PORT}\" > \"${SRCROOT}/../node_modules/react-native/scripts/.packager.env\"\nif [ -z \"${RCT_NO_LAUNCH_PACKAGER+xxx}\" ] ; then\n  if nc -w 5 -z localhost ${RCT_METRO_PORT} ; then\n    if ! curl -s \"http://localhost:${RCT_METRO_PORT}/status\" | grep -q \"packager-status:running\" ; then\n      echo \"Port ${RCT_METRO_PORT} already in use, packager is either not running or not running correctly\"\n      exit 2\n    fi\n  else\n    open \"$SRCROOT/../node_modules/react-native/scripts/launchPackager.command\" || echo \"Can't start packager automatically\"\n  fi\nfi\n";
			showEnvVarsInLog = 0;
		};
/* End PBXShellScriptBuildPhase section */

/* Begin PBXSourcesBuildPhase section */
		00E356EA1AD99517003FC87E /* Sources */ = {
			isa = PBXSourcesBuildPhase;
			buildActionMask = 2147483647;
			files = (
				00E356F31AD99517003FC87E /* MultipleEnvironmentTests.m in Sources */,
			);
			runOnlyForDeploymentPostprocessing = 0;
		};
		13B07F871A680F5B00A75B9A /* Sources */ = {
			isa = PBXSourcesBuildPhase;
			buildActionMask = 2147483647;
			files = (
				13B07FBC1A68108700A75B9A /* AppDelegate.m in Sources */,
				E640C25B29D068E100C44B61 /* SampleViewController.h in Sources */,
				E640C25C29D0A41800C44B61 /* SampleViewController.swift in Sources */,
				E640C24F29CE069800C44B61 /* CopyToClipboard.m in Sources */,
				E6EE205329C456AA00FAFCDD /* RNConfig.m in Sources */,
				E640C24729CDFCA100C44B61 /* CopyToClipboard.swift in Sources */,
				E640C25929D0636600C44B61 /* SampleApp.m in Sources */,
				E640C25729D0633F00C44B61 /* SampleApp.swift in Sources */,
				13B07FC11A68108700A75B9A /* main.m in Sources */,
				E640C24D29CDFDF000C44B61 /* MultipleEnvironment-Bridging-Header.h in Sources */,
			);
			runOnlyForDeploymentPostprocessing = 0;
		};
/* End PBXSourcesBuildPhase section */

/* Begin PBXTargetDependency section */
		00E356F51AD99517003FC87E /* PBXTargetDependency */ = {
			isa = PBXTargetDependency;
			target = 13B07F861A680F5B00A75B9A /* MultipleEnvironment */;
			targetProxy = 00E356F41AD99517003FC87E /* PBXContainerItemProxy */;
		};
/* End PBXTargetDependency section */

/* Begin XCBuildConfiguration section */
		00E356F61AD99517003FC87E /* DebugProd */ = {
			isa = XCBuildConfiguration;
			baseConfigurationReference = 76D3C9989F1F68B86B7D7B89 /* Pods-MultipleEnvironment-MultipleEnvironmentTests.debugprod.xcconfig */;
			buildSettings = {
				ALWAYS_EMBED_SWIFT_STANDARD_LIBRARIES = YES;
				BUNDLE_LOADER = "$(TEST_HOST)";
				GCC_PREPROCESSOR_DEFINITIONS = (
					"DEBUG=1",
					"$(inherited)",
				);
				INFOPLIST_FILE = MultipleEnvironmentTests/Info.plist;
				IPHONEOS_DEPLOYMENT_TARGET = 11.0;
				LD_RUNPATH_SEARCH_PATHS = (
					"$(inherited)",
					"@executable_path/Frameworks",
					"@loader_path/Frameworks",
				);
				OTHER_LDFLAGS = (
					"-ObjC",
					"-lc++",
					"$(inherited)",
				);
				PRODUCT_BUNDLE_IDENTIFIER = "org.reactjs.native.example.$(PRODUCT_NAME:rfc1034identifier)";
				PRODUCT_NAME = "$(TARGET_NAME)";
				TEST_HOST = "$(BUILT_PRODUCTS_DIR)/MultipleEnvironment.app/MultipleEnvironment";
			};
			name = DebugProd;
		};
		00E356F71AD99517003FC87E /* ReleaseProd */ = {
			isa = XCBuildConfiguration;
			baseConfigurationReference = 86CA1FF1976910004ACA13AB /* Pods-MultipleEnvironment-MultipleEnvironmentTests.releaseprod.xcconfig */;
			buildSettings = {
				ALWAYS_EMBED_SWIFT_STANDARD_LIBRARIES = YES;
				BUNDLE_LOADER = "$(TEST_HOST)";
				COPY_PHASE_STRIP = NO;
				INFOPLIST_FILE = MultipleEnvironmentTests/Info.plist;
				IPHONEOS_DEPLOYMENT_TARGET = 11.0;
				LD_RUNPATH_SEARCH_PATHS = (
					"$(inherited)",
					"@executable_path/Frameworks",
					"@loader_path/Frameworks",
				);
				OTHER_LDFLAGS = (
					"-ObjC",
					"-lc++",
					"$(inherited)",
				);
				PRODUCT_BUNDLE_IDENTIFIER = "org.reactjs.native.example.$(PRODUCT_NAME:rfc1034identifier)";
				PRODUCT_NAME = "$(TARGET_NAME)";
				TEST_HOST = "$(BUILT_PRODUCTS_DIR)/MultipleEnvironment.app/MultipleEnvironment";
			};
			name = ReleaseProd;
		};
		13B07F941A680F5B00A75B9A /* DebugProd */ = {
			isa = XCBuildConfiguration;
			baseConfigurationReference = 5CDDB73FFDF4940732C5E5FB /* Pods-MultipleEnvironment.debugprod.xcconfig */;
			buildSettings = {
				ASSETCATALOG_COMPILER_APPICON_NAME = AppIcon;
				CLANG_ENABLE_MODULES = YES;
				CURRENT_PROJECT_VERSION = 1;
				DEVELOPMENT_TEAM = 2H9US76DBJ;
				ENABLE_BITCODE = NO;
				GCC_PREPROCESSOR_DEFINITIONS = (
					"$(inherited)",
					"COCOAPODS=1",
					"FB_SONARKIT_ENABLED=1",
					"PROD=1",
				);
				INFOPLIST_FILE = MultipleEnvironment/Info.plist;
				LD_RUNPATH_SEARCH_PATHS = (
					"$(inherited)",
					"@executable_path/Frameworks",
				);
				OTHER_LDFLAGS = (
					"$(inherited)",
					"-ObjC",
					"-lc++",
				);
				PRODUCT_BUNDLE_IDENTIFIER = "org.reactjs.native.example.$(PRODUCT_NAME:rfc1034identifier)";
				PRODUCT_NAME = "MultipleEnv-DebugProd";
				SWIFT_OBJC_BRIDGING_HEADER = "MultipleEnvironment-Bridging-Header.h";
				SWIFT_OPTIMIZATION_LEVEL = "-Onone";
				SWIFT_VERSION = 5.0;
				VERSIONING_SYSTEM = "apple-generic";
			};
			name = DebugProd;
		};
		13B07F951A680F5B00A75B9A /* ReleaseProd */ = {
			isa = XCBuildConfiguration;
			baseConfigurationReference = D3145E897825CBEBC44746D7 /* Pods-MultipleEnvironment.releaseprod.xcconfig */;
			buildSettings = {
				ASSETCATALOG_COMPILER_APPICON_NAME = AppIcon;
				CLANG_ENABLE_MODULES = YES;
				CURRENT_PROJECT_VERSION = 1;
				DEVELOPMENT_TEAM = 2H9US76DBJ;
				GCC_PREPROCESSOR_DEFINITIONS = (
					"$(inherited)",
					"COCOAPODS=1",
					"PROD=1",
				);
				INFOPLIST_FILE = MultipleEnvironment/Info.plist;
				LD_RUNPATH_SEARCH_PATHS = (
					"$(inherited)",
					"@executable_path/Frameworks",
				);
				OTHER_LDFLAGS = (
					"$(inherited)",
					"-ObjC",
					"-lc++",
				);
				PRODUCT_BUNDLE_IDENTIFIER = "org.reactjs.native.example.$(PRODUCT_NAME:rfc1034identifier)";
				PRODUCT_NAME = MultipleEnvironment;
				SWIFT_OBJC_BRIDGING_HEADER = "MultipleEnvironment-Bridging-Header.h";
				SWIFT_VERSION = 5.0;
				VERSIONING_SYSTEM = "apple-generic";
			};
			name = ReleaseProd;
		};
		83CBBA201A601CBA00E9B192 /* DebugProd */ = {
			isa = XCBuildConfiguration;
			buildSettings = {
				ALWAYS_SEARCH_USER_PATHS = NO;
				CLANG_ANALYZER_LOCALIZABILITY_NONLOCALIZED = YES;
				CLANG_CXX_LANGUAGE_STANDARD = "gnu++0x";
				CLANG_CXX_LIBRARY = "libc++";
				CLANG_ENABLE_MODULES = YES;
				CLANG_ENABLE_OBJC_ARC = YES;
				CLANG_WARN_BLOCK_CAPTURE_AUTORELEASING = YES;
				CLANG_WARN_BOOL_CONVERSION = YES;
				CLANG_WARN_COMMA = YES;
				CLANG_WARN_CONSTANT_CONVERSION = YES;
				CLANG_WARN_DEPRECATED_OBJC_IMPLEMENTATIONS = YES;
				CLANG_WARN_DIRECT_OBJC_ISA_USAGE = YES_ERROR;
				CLANG_WARN_EMPTY_BODY = YES;
				CLANG_WARN_ENUM_CONVERSION = YES;
				CLANG_WARN_INFINITE_RECURSION = YES;
				CLANG_WARN_INT_CONVERSION = YES;
				CLANG_WARN_NON_LITERAL_NULL_CONVERSION = YES;
				CLANG_WARN_OBJC_IMPLICIT_RETAIN_SELF = YES;
				CLANG_WARN_OBJC_LITERAL_CONVERSION = YES;
				CLANG_WARN_OBJC_ROOT_CLASS = YES_ERROR;
				CLANG_WARN_QUOTED_INCLUDE_IN_FRAMEWORK_HEADER = YES;
				CLANG_WARN_RANGE_LOOP_ANALYSIS = YES;
				CLANG_WARN_STRICT_PROTOTYPES = YES;
				CLANG_WARN_SUSPICIOUS_MOVE = YES;
				CLANG_WARN_UNREACHABLE_CODE = YES;
				CLANG_WARN__DUPLICATE_METHOD_MATCH = YES;
				"CODE_SIGN_IDENTITY[sdk=iphoneos*]" = "iPhone Developer";
				COPY_PHASE_STRIP = NO;
				ENABLE_STRICT_OBJC_MSGSEND = YES;
				ENABLE_TESTABILITY = YES;
				"EXCLUDED_ARCHS[sdk=iphonesimulator*]" = "";
				GCC_C_LANGUAGE_STANDARD = gnu99;
				GCC_DYNAMIC_NO_PIC = NO;
				GCC_NO_COMMON_BLOCKS = YES;
				GCC_OPTIMIZATION_LEVEL = 0;
				GCC_PREPROCESSOR_DEFINITIONS = (
					"DEBUG=1",
					"$(inherited)",
				);
				GCC_SYMBOLS_PRIVATE_EXTERN = NO;
				GCC_WARN_64_TO_32_BIT_CONVERSION = YES;
				GCC_WARN_ABOUT_RETURN_TYPE = YES_ERROR;
				GCC_WARN_UNDECLARED_SELECTOR = YES;
				GCC_WARN_UNINITIALIZED_AUTOS = YES_AGGRESSIVE;
				GCC_WARN_UNUSED_FUNCTION = YES;
				GCC_WARN_UNUSED_VARIABLE = YES;
				IPHONEOS_DEPLOYMENT_TARGET = 11.0;
				LD_RUNPATH_SEARCH_PATHS = (
					/usr/lib/swift,
					"$(inherited)",
				);
				LIBRARY_SEARCH_PATHS = (
					"\"$(SDKROOT)/usr/lib/swift\"",
					"\"$(TOOLCHAIN_DIR)/usr/lib/swift/$(PLATFORM_NAME)\"",
					"\"$(inherited)\"",
				);
				MTL_ENABLE_DEBUG_INFO = YES;
				ONLY_ACTIVE_ARCH = YES;
				SDKROOT = iphoneos;
			};
			name = DebugProd;
		};
		83CBBA211A601CBA00E9B192 /* ReleaseProd */ = {
			isa = XCBuildConfiguration;
			buildSettings = {
				ALWAYS_SEARCH_USER_PATHS = NO;
				CLANG_ANALYZER_LOCALIZABILITY_NONLOCALIZED = YES;
				CLANG_CXX_LANGUAGE_STANDARD = "gnu++0x";
				CLANG_CXX_LIBRARY = "libc++";
				CLANG_ENABLE_MODULES = YES;
				CLANG_ENABLE_OBJC_ARC = YES;
				CLANG_WARN_BLOCK_CAPTURE_AUTORELEASING = YES;
				CLANG_WARN_BOOL_CONVERSION = YES;
				CLANG_WARN_COMMA = YES;
				CLANG_WARN_CONSTANT_CONVERSION = YES;
				CLANG_WARN_DEPRECATED_OBJC_IMPLEMENTATIONS = YES;
				CLANG_WARN_DIRECT_OBJC_ISA_USAGE = YES_ERROR;
				CLANG_WARN_EMPTY_BODY = YES;
				CLANG_WARN_ENUM_CONVERSION = YES;
				CLANG_WARN_INFINITE_RECURSION = YES;
				CLANG_WARN_INT_CONVERSION = YES;
				CLANG_WARN_NON_LITERAL_NULL_CONVERSION = YES;
				CLANG_WARN_OBJC_IMPLICIT_RETAIN_SELF = YES;
				CLANG_WARN_OBJC_LITERAL_CONVERSION = YES;
				CLANG_WARN_OBJC_ROOT_CLASS = YES_ERROR;
				CLANG_WARN_QUOTED_INCLUDE_IN_FRAMEWORK_HEADER = YES;
				CLANG_WARN_RANGE_LOOP_ANALYSIS = YES;
				CLANG_WARN_STRICT_PROTOTYPES = YES;
				CLANG_WARN_SUSPICIOUS_MOVE = YES;
				CLANG_WARN_UNREACHABLE_CODE = YES;
				CLANG_WARN__DUPLICATE_METHOD_MATCH = YES;
				"CODE_SIGN_IDENTITY[sdk=iphoneos*]" = "iPhone Developer";
				COPY_PHASE_STRIP = YES;
				ENABLE_NS_ASSERTIONS = NO;
				ENABLE_STRICT_OBJC_MSGSEND = YES;
				"EXCLUDED_ARCHS[sdk=iphonesimulator*]" = "";
				GCC_C_LANGUAGE_STANDARD = gnu99;
				GCC_NO_COMMON_BLOCKS = YES;
				GCC_WARN_64_TO_32_BIT_CONVERSION = YES;
				GCC_WARN_ABOUT_RETURN_TYPE = YES_ERROR;
				GCC_WARN_UNDECLARED_SELECTOR = YES;
				GCC_WARN_UNINITIALIZED_AUTOS = YES_AGGRESSIVE;
				GCC_WARN_UNUSED_FUNCTION = YES;
				GCC_WARN_UNUSED_VARIABLE = YES;
				IPHONEOS_DEPLOYMENT_TARGET = 11.0;
				LD_RUNPATH_SEARCH_PATHS = (
					/usr/lib/swift,
					"$(inherited)",
				);
				LIBRARY_SEARCH_PATHS = (
					"\"$(SDKROOT)/usr/lib/swift\"",
					"\"$(TOOLCHAIN_DIR)/usr/lib/swift/$(PLATFORM_NAME)\"",
					"\"$(inherited)\"",
				);
				MTL_ENABLE_DEBUG_INFO = NO;
				SDKROOT = iphoneos;
				VALIDATE_PRODUCT = YES;
			};
			name = ReleaseProd;
		};
		E6EE204529C443AA00FAFCDD /* DebugDev */ = {
			isa = XCBuildConfiguration;
			buildSettings = {
				ALWAYS_SEARCH_USER_PATHS = NO;
				CLANG_ANALYZER_LOCALIZABILITY_NONLOCALIZED = YES;
				CLANG_CXX_LANGUAGE_STANDARD = "gnu++0x";
				CLANG_CXX_LIBRARY = "libc++";
				CLANG_ENABLE_MODULES = YES;
				CLANG_ENABLE_OBJC_ARC = YES;
				CLANG_WARN_BLOCK_CAPTURE_AUTORELEASING = YES;
				CLANG_WARN_BOOL_CONVERSION = YES;
				CLANG_WARN_COMMA = YES;
				CLANG_WARN_CONSTANT_CONVERSION = YES;
				CLANG_WARN_DEPRECATED_OBJC_IMPLEMENTATIONS = YES;
				CLANG_WARN_DIRECT_OBJC_ISA_USAGE = YES_ERROR;
				CLANG_WARN_EMPTY_BODY = YES;
				CLANG_WARN_ENUM_CONVERSION = YES;
				CLANG_WARN_INFINITE_RECURSION = YES;
				CLANG_WARN_INT_CONVERSION = YES;
				CLANG_WARN_NON_LITERAL_NULL_CONVERSION = YES;
				CLANG_WARN_OBJC_IMPLICIT_RETAIN_SELF = YES;
				CLANG_WARN_OBJC_LITERAL_CONVERSION = YES;
				CLANG_WARN_OBJC_ROOT_CLASS = YES_ERROR;
				CLANG_WARN_QUOTED_INCLUDE_IN_FRAMEWORK_HEADER = YES;
				CLANG_WARN_RANGE_LOOP_ANALYSIS = YES;
				CLANG_WARN_STRICT_PROTOTYPES = YES;
				CLANG_WARN_SUSPICIOUS_MOVE = YES;
				CLANG_WARN_UNREACHABLE_CODE = YES;
				CLANG_WARN__DUPLICATE_METHOD_MATCH = YES;
				"CODE_SIGN_IDENTITY[sdk=iphoneos*]" = "iPhone Developer";
				COPY_PHASE_STRIP = NO;
				ENABLE_STRICT_OBJC_MSGSEND = YES;
				ENABLE_TESTABILITY = YES;
				"EXCLUDED_ARCHS[sdk=iphonesimulator*]" = "";
				GCC_C_LANGUAGE_STANDARD = gnu99;
				GCC_DYNAMIC_NO_PIC = NO;
				GCC_NO_COMMON_BLOCKS = YES;
				GCC_OPTIMIZATION_LEVEL = 0;
				GCC_PREPROCESSOR_DEFINITIONS = (
					"DEBUG=1",
					"$(inherited)",
				);
				GCC_SYMBOLS_PRIVATE_EXTERN = NO;
				GCC_WARN_64_TO_32_BIT_CONVERSION = YES;
				GCC_WARN_ABOUT_RETURN_TYPE = YES_ERROR;
				GCC_WARN_UNDECLARED_SELECTOR = YES;
				GCC_WARN_UNINITIALIZED_AUTOS = YES_AGGRESSIVE;
				GCC_WARN_UNUSED_FUNCTION = YES;
				GCC_WARN_UNUSED_VARIABLE = YES;
				IPHONEOS_DEPLOYMENT_TARGET = 11.0;
				LD_RUNPATH_SEARCH_PATHS = (
					/usr/lib/swift,
					"$(inherited)",
				);
				LIBRARY_SEARCH_PATHS = (
					"\"$(SDKROOT)/usr/lib/swift\"",
					"\"$(TOOLCHAIN_DIR)/usr/lib/swift/$(PLATFORM_NAME)\"",
					"\"$(inherited)\"",
				);
				MTL_ENABLE_DEBUG_INFO = YES;
				ONLY_ACTIVE_ARCH = YES;
				SDKROOT = iphoneos;
			};
			name = DebugDev;
		};
		E6EE204629C443AA00FAFCDD /* DebugDev */ = {
			isa = XCBuildConfiguration;
			baseConfigurationReference = DA6370B35B6312EE95934C02 /* Pods-MultipleEnvironment.debugdev.xcconfig */;
			buildSettings = {
				ASSETCATALOG_COMPILER_APPICON_NAME = AppIcon;
				CLANG_ENABLE_MODULES = YES;
				CURRENT_PROJECT_VERSION = 1;
				DEVELOPMENT_TEAM = 2H9US76DBJ;
				ENABLE_BITCODE = NO;
				GCC_PREPROCESSOR_DEFINITIONS = (
					"$(inherited)",
					"COCOAPODS=1",
					"FB_SONARKIT_ENABLED=1",
					"DEV=1",
				);
				INFOPLIST_FILE = MultipleEnvironment/Info.plist;
				LD_RUNPATH_SEARCH_PATHS = (
					"$(inherited)",
					"@executable_path/Frameworks",
				);
				OTHER_LDFLAGS = (
					"$(inherited)",
					"-ObjC",
					"-lc++",
				);
				PRODUCT_BUNDLE_IDENTIFIER = "org.reactjs.native.example.$(PRODUCT_NAME:rfc1034identifier).dev";
				PRODUCT_NAME = "MultipleEnv-DebugTest";
				SWIFT_OBJC_BRIDGING_HEADER = "MultipleEnvironment-Bridging-Header.h";
				SWIFT_OPTIMIZATION_LEVEL = "-Onone";
				SWIFT_VERSION = 5.0;
				VERSIONING_SYSTEM = "apple-generic";
			};
			name = DebugDev;
		};
		E6EE204729C443AA00FAFCDD /* DebugDev */ = {
			isa = XCBuildConfiguration;
			baseConfigurationReference = ECBFC27A034AAAFBA551D18D /* Pods-MultipleEnvironment-MultipleEnvironmentTests.debugdev.xcconfig */;
			buildSettings = {
				ALWAYS_EMBED_SWIFT_STANDARD_LIBRARIES = YES;
				BUNDLE_LOADER = "$(TEST_HOST)";
				GCC_PREPROCESSOR_DEFINITIONS = (
					"DEBUG=1",
					"$(inherited)",
				);
				INFOPLIST_FILE = MultipleEnvironmentTests/Info.plist;
				IPHONEOS_DEPLOYMENT_TARGET = 11.0;
				LD_RUNPATH_SEARCH_PATHS = (
					"$(inherited)",
					"@executable_path/Frameworks",
					"@loader_path/Frameworks",
				);
				OTHER_LDFLAGS = (
					"-ObjC",
					"-lc++",
					"$(inherited)",
				);
				PRODUCT_BUNDLE_IDENTIFIER = "org.reactjs.native.example.$(PRODUCT_NAME:rfc1034identifier)";
				PRODUCT_NAME = "$(TARGET_NAME)";
				TEST_HOST = "$(BUILT_PRODUCTS_DIR)/MultipleEnvironment.app/MultipleEnvironment";
			};
			name = DebugDev;
		};
		E6EE204829C446EE00FAFCDD /* ReleaseDev */ = {
			isa = XCBuildConfiguration;
			buildSettings = {
				ALWAYS_SEARCH_USER_PATHS = NO;
				CLANG_ANALYZER_LOCALIZABILITY_NONLOCALIZED = YES;
				CLANG_CXX_LANGUAGE_STANDARD = "gnu++0x";
				CLANG_CXX_LIBRARY = "libc++";
				CLANG_ENABLE_MODULES = YES;
				CLANG_ENABLE_OBJC_ARC = YES;
				CLANG_WARN_BLOCK_CAPTURE_AUTORELEASING = YES;
				CLANG_WARN_BOOL_CONVERSION = YES;
				CLANG_WARN_COMMA = YES;
				CLANG_WARN_CONSTANT_CONVERSION = YES;
				CLANG_WARN_DEPRECATED_OBJC_IMPLEMENTATIONS = YES;
				CLANG_WARN_DIRECT_OBJC_ISA_USAGE = YES_ERROR;
				CLANG_WARN_EMPTY_BODY = YES;
				CLANG_WARN_ENUM_CONVERSION = YES;
				CLANG_WARN_INFINITE_RECURSION = YES;
				CLANG_WARN_INT_CONVERSION = YES;
				CLANG_WARN_NON_LITERAL_NULL_CONVERSION = YES;
				CLANG_WARN_OBJC_IMPLICIT_RETAIN_SELF = YES;
				CLANG_WARN_OBJC_LITERAL_CONVERSION = YES;
				CLANG_WARN_OBJC_ROOT_CLASS = YES_ERROR;
				CLANG_WARN_QUOTED_INCLUDE_IN_FRAMEWORK_HEADER = YES;
				CLANG_WARN_RANGE_LOOP_ANALYSIS = YES;
				CLANG_WARN_STRICT_PROTOTYPES = YES;
				CLANG_WARN_SUSPICIOUS_MOVE = YES;
				CLANG_WARN_UNREACHABLE_CODE = YES;
				CLANG_WARN__DUPLICATE_METHOD_MATCH = YES;
				"CODE_SIGN_IDENTITY[sdk=iphoneos*]" = "iPhone Developer";
				COPY_PHASE_STRIP = YES;
				ENABLE_NS_ASSERTIONS = NO;
				ENABLE_STRICT_OBJC_MSGSEND = YES;
				"EXCLUDED_ARCHS[sdk=iphonesimulator*]" = "";
				GCC_C_LANGUAGE_STANDARD = gnu99;
				GCC_NO_COMMON_BLOCKS = YES;
				GCC_WARN_64_TO_32_BIT_CONVERSION = YES;
				GCC_WARN_ABOUT_RETURN_TYPE = YES_ERROR;
				GCC_WARN_UNDECLARED_SELECTOR = YES;
				GCC_WARN_UNINITIALIZED_AUTOS = YES_AGGRESSIVE;
				GCC_WARN_UNUSED_FUNCTION = YES;
				GCC_WARN_UNUSED_VARIABLE = YES;
				IPHONEOS_DEPLOYMENT_TARGET = 11.0;
				LD_RUNPATH_SEARCH_PATHS = (
					/usr/lib/swift,
					"$(inherited)",
				);
				LIBRARY_SEARCH_PATHS = (
					"\"$(SDKROOT)/usr/lib/swift\"",
					"\"$(TOOLCHAIN_DIR)/usr/lib/swift/$(PLATFORM_NAME)\"",
					"\"$(inherited)\"",
				);
				MTL_ENABLE_DEBUG_INFO = NO;
				SDKROOT = iphoneos;
				VALIDATE_PRODUCT = YES;
			};
			name = ReleaseDev;
		};
		E6EE204929C446EE00FAFCDD /* ReleaseDev */ = {
			isa = XCBuildConfiguration;
			baseConfigurationReference = 2C4742479BC9F847F1BBF054 /* Pods-MultipleEnvironment.releasedev.xcconfig */;
			buildSettings = {
				ASSETCATALOG_COMPILER_APPICON_NAME = AppIcon;
				CLANG_ENABLE_MODULES = YES;
				CURRENT_PROJECT_VERSION = 1;
				DEVELOPMENT_TEAM = 2H9US76DBJ;
				GCC_PREPROCESSOR_DEFINITIONS = (
					"$(inherited)",
					"COCOAPODS=1",
					"DEV=1",
				);
				INFOPLIST_FILE = MultipleEnvironment/Info.plist;
				LD_RUNPATH_SEARCH_PATHS = (
					"$(inherited)",
					"@executable_path/Frameworks",
				);
				OTHER_LDFLAGS = (
					"$(inherited)",
					"-ObjC",
					"-lc++",
				);
				PRODUCT_BUNDLE_IDENTIFIER = "org.reactjs.native.example.$(PRODUCT_NAME:rfc1034identifier).dev";
				PRODUCT_NAME = "MultipleEnv-Test";
				SWIFT_OBJC_BRIDGING_HEADER = "MultipleEnvironment-Bridging-Header.h";
				SWIFT_VERSION = 5.0;
				VERSIONING_SYSTEM = "apple-generic";
			};
			name = ReleaseDev;
		};
		E6EE204A29C446EE00FAFCDD /* ReleaseDev */ = {
			isa = XCBuildConfiguration;
			baseConfigurationReference = B88705735E637A3521FEE809 /* Pods-MultipleEnvironment-MultipleEnvironmentTests.releasedev.xcconfig */;
			buildSettings = {
				ALWAYS_EMBED_SWIFT_STANDARD_LIBRARIES = YES;
				BUNDLE_LOADER = "$(TEST_HOST)";
				COPY_PHASE_STRIP = NO;
				INFOPLIST_FILE = MultipleEnvironmentTests/Info.plist;
				IPHONEOS_DEPLOYMENT_TARGET = 11.0;
				LD_RUNPATH_SEARCH_PATHS = (
					"$(inherited)",
					"@executable_path/Frameworks",
					"@loader_path/Frameworks",
				);
				OTHER_LDFLAGS = (
					"-ObjC",
					"-lc++",
					"$(inherited)",
				);
				PRODUCT_BUNDLE_IDENTIFIER = "org.reactjs.native.example.$(PRODUCT_NAME:rfc1034identifier)";
				PRODUCT_NAME = "$(TARGET_NAME)";
				TEST_HOST = "$(BUILT_PRODUCTS_DIR)/MultipleEnvironment.app/MultipleEnvironment";
			};
			name = ReleaseDev;
		};
/* End XCBuildConfiguration section */

/* Begin XCConfigurationList section */
		00E357021AD99517003FC87E /* Build configuration list for PBXNativeTarget "MultipleEnvironmentTests" */ = {
			isa = XCConfigurationList;
			buildConfigurations = (
				00E356F61AD99517003FC87E /* DebugProd */,
				E6EE204729C443AA00FAFCDD /* DebugDev */,
				00E356F71AD99517003FC87E /* ReleaseProd */,
				E6EE204A29C446EE00FAFCDD /* ReleaseDev */,
			);
			defaultConfigurationIsVisible = 0;
			defaultConfigurationName = ReleaseProd;
		};
		13B07F931A680F5B00A75B9A /* Build configuration list for PBXNativeTarget "MultipleEnvironment" */ = {
			isa = XCConfigurationList;
			buildConfigurations = (
				13B07F941A680F5B00A75B9A /* DebugProd */,
				E6EE204629C443AA00FAFCDD /* DebugDev */,
				13B07F951A680F5B00A75B9A /* ReleaseProd */,
				E6EE204929C446EE00FAFCDD /* ReleaseDev */,
			);
			defaultConfigurationIsVisible = 0;
			defaultConfigurationName = ReleaseProd;
		};
		83CBB9FA1A601CBA00E9B192 /* Build configuration list for PBXProject "MultipleEnvironment" */ = {
			isa = XCConfigurationList;
			buildConfigurations = (
				83CBBA201A601CBA00E9B192 /* DebugProd */,
				E6EE204529C443AA00FAFCDD /* DebugDev */,
				83CBBA211A601CBA00E9B192 /* ReleaseProd */,
				E6EE204829C446EE00FAFCDD /* ReleaseDev */,
			);
			defaultConfigurationIsVisible = 0;
			defaultConfigurationName = ReleaseProd;
		};
/* End XCConfigurationList section */
	};
	rootObject = 83CBB9F71A601CBA00E9B192 /* Project object */;
}
